// !$*UTF8*$!
{
	archiveVersion = 1;
	classes = {
	};
	objectVersion = 52;
	objects = {

/* Begin PBXBuildFile section */
		2513BC512694A21F009249CE /* SwiftUI_InstagramCloneApp.swift in Sources */ = {isa = PBXBuildFile; fileRef = 2513BC502694A21F009249CE /* SwiftUI_InstagramCloneApp.swift */; };
		2513BC532694A21F009249CE /* ContentView.swift in Sources */ = {isa = PBXBuildFile; fileRef = 2513BC522694A21F009249CE /* ContentView.swift */; };
		2513BC552694A222009249CE /* Assets.xcassets in Resources */ = {isa = PBXBuildFile; fileRef = 2513BC542694A222009249CE /* Assets.xcassets */; };
		2513BC582694A222009249CE /* Preview Assets.xcassets in Resources */ = {isa = PBXBuildFile; fileRef = 2513BC572694A222009249CE /* Preview Assets.xcassets */; };
		2513BC732694A458009249CE /* MainTabView.swift in Sources */ = {isa = PBXBuildFile; fileRef = 2513BC722694A458009249CE /* MainTabView.swift */; };
		2513BC752694A48E009249CE /* FeedView.swift in Sources */ = {isa = PBXBuildFile; fileRef = 2513BC742694A48E009249CE /* FeedView.swift */; };
		2513BC772694A4B5009249CE /* SearchView.swift in Sources */ = {isa = PBXBuildFile; fileRef = 2513BC762694A4B5009249CE /* SearchView.swift */; };
		2513BC792694A4C6009249CE /* ProfileView.swift in Sources */ = {isa = PBXBuildFile; fileRef = 2513BC782694A4C6009249CE /* ProfileView.swift */; };
		2513BC7B2694A4D6009249CE /* UploadPostView.swift in Sources */ = {isa = PBXBuildFile; fileRef = 2513BC7A2694A4D6009249CE /* UploadPostView.swift */; };
		2513BC7D2694A4EF009249CE /* NotificationsView.swift in Sources */ = {isa = PBXBuildFile; fileRef = 2513BC7C2694A4EF009249CE /* NotificationsView.swift */; };
		2513BC7F2694A7DA009249CE /* FeedCell.swift in Sources */ = {isa = PBXBuildFile; fileRef = 2513BC7E2694A7DA009249CE /* FeedCell.swift */; };
		25D3928D26C4B3A600C7E2CF /* FirebaseFunctions in Frameworks */ = {isa = PBXBuildFile; productRef = 25D3928C26C4B3A600C7E2CF /* FirebaseFunctions */; };
		25D3928F26C4B3A600C7E2CF /* FirebaseStorage in Frameworks */ = {isa = PBXBuildFile; productRef = 25D3928E26C4B3A600C7E2CF /* FirebaseStorage */; };
		25D3929126C4B3A600C7E2CF /* FirebaseAuth in Frameworks */ = {isa = PBXBuildFile; productRef = 25D3929026C4B3A600C7E2CF /* FirebaseAuth */; };
		25D3929326C4B3A600C7E2CF /* FirebaseFirestore in Frameworks */ = {isa = PBXBuildFile; productRef = 25D3929226C4B3A600C7E2CF /* FirebaseFirestore */; };
		25D3929526C4B3A600C7E2CF /* FirebaseMessaging in Frameworks */ = {isa = PBXBuildFile; productRef = 25D3929426C4B3A600C7E2CF /* FirebaseMessaging */; };
		25D3929826C4B46A00C7E2CF /* Kingfisher in Frameworks */ = {isa = PBXBuildFile; productRef = 25D3929726C4B46A00C7E2CF /* Kingfisher */; };
		25D3929A26C4B57900C7E2CF /* GoogleService-Info.plist in Resources */ = {isa = PBXBuildFile; fileRef = 25D3929926C4B57900C7E2CF /* GoogleService-Info.plist */; };
		25D3929C26C4BCF000C7E2CF /* AuthViewModel.swift in Sources */ = {isa = PBXBuildFile; fileRef = 25D3929B26C4BCF000C7E2CF /* AuthViewModel.swift */; };
		25D81D2D26C3D4A3003AC2AB /* SearchBar.swift in Sources */ = {isa = PBXBuildFile; fileRef = 25D81D2C26C3D4A3003AC2AB /* SearchBar.swift */; };
		25D81D2F26C3DBB3003AC2AB /* PostGridView.swift in Sources */ = {isa = PBXBuildFile; fileRef = 25D81D2E26C3DBB3003AC2AB /* PostGridView.swift */; };
		25D81D3126C3DD71003AC2AB /* UserCell.swift in Sources */ = {isa = PBXBuildFile; fileRef = 25D81D3026C3DD71003AC2AB /* UserCell.swift */; };
		25D81D3326C3DD7C003AC2AB /* UserListView.swift in Sources */ = {isa = PBXBuildFile; fileRef = 25D81D3226C3DD7C003AC2AB /* UserListView.swift */; };
		25D81D3526C3E1C3003AC2AB /* Extensions.swift in Sources */ = {isa = PBXBuildFile; fileRef = 25D81D3426C3E1C3003AC2AB /* Extensions.swift */; };
		25D81D3726C3EBC9003AC2AB /* NotificationCell.swift in Sources */ = {isa = PBXBuildFile; fileRef = 25D81D3626C3EBC9003AC2AB /* NotificationCell.swift */; };
		25D81D3926C3EE44003AC2AB /* ProfileHeaderView.swift in Sources */ = {isa = PBXBuildFile; fileRef = 25D81D3826C3EE44003AC2AB /* ProfileHeaderView.swift */; };
		25D81D3B26C3F318003AC2AB /* UserStatView.swift in Sources */ = {isa = PBXBuildFile; fileRef = 25D81D3A26C3F318003AC2AB /* UserStatView.swift */; };
		25D81D3D26C3F6A8003AC2AB /* ProfileActionButtonView.swift in Sources */ = {isa = PBXBuildFile; fileRef = 25D81D3C26C3F6A8003AC2AB /* ProfileActionButtonView.swift */; };
		25D81D4126C40D70003AC2AB /* ImagePicker.swift in Sources */ = {isa = PBXBuildFile; fileRef = 25D81D4026C40D70003AC2AB /* ImagePicker.swift */; };
		25D81D4326C41DD7003AC2AB /* LoginView.swift in Sources */ = {isa = PBXBuildFile; fileRef = 25D81D4226C41DD7003AC2AB /* LoginView.swift */; };
		25D81D4526C41DDE003AC2AB /* RegistrationView.swift in Sources */ = {isa = PBXBuildFile; fileRef = 25D81D4426C41DDE003AC2AB /* RegistrationView.swift */; };
		25D81D4726C41DE9003AC2AB /* ResetPasswordView.swift in Sources */ = {isa = PBXBuildFile; fileRef = 25D81D4626C41DE9003AC2AB /* ResetPasswordView.swift */; };
		25D81D4926C42142003AC2AB /* CustomTextField.swift in Sources */ = {isa = PBXBuildFile; fileRef = 25D81D4826C42142003AC2AB /* CustomTextField.swift */; };
		25D81D4B26C42148003AC2AB /* CustomSecureField.swift in Sources */ = {isa = PBXBuildFile; fileRef = 25D81D4A26C42148003AC2AB /* CustomSecureField.swift */; };
/* End PBXBuildFile section */

/* Begin PBXFileReference section */
		2513BC4D2694A21F009249CE /* SwiftUI_InstagramClone.app */ = {isa = PBXFileReference; explicitFileType = wrapper.application; includeInIndex = 0; path = SwiftUI_InstagramClone.app; sourceTree = BUILT_PRODUCTS_DIR; };
		2513BC502694A21F009249CE /* SwiftUI_InstagramCloneApp.swift */ = {isa = PBXFileReference; lastKnownFileType = sourcecode.swift; path = SwiftUI_InstagramCloneApp.swift; sourceTree = "<group>"; };
		2513BC522694A21F009249CE /* ContentView.swift */ = {isa = PBXFileReference; lastKnownFileType = sourcecode.swift; path = ContentView.swift; sourceTree = "<group>"; };
		2513BC542694A222009249CE /* Assets.xcassets */ = {isa = PBXFileReference; lastKnownFileType = folder.assetcatalog; path = Assets.xcassets; sourceTree = "<group>"; };
		2513BC572694A222009249CE /* Preview Assets.xcassets */ = {isa = PBXFileReference; lastKnownFileType = folder.assetcatalog; path = "Preview Assets.xcassets"; sourceTree = "<group>"; };
		2513BC592694A222009249CE /* Info.plist */ = {isa = PBXFileReference; lastKnownFileType = text.plist.xml; path = Info.plist; sourceTree = "<group>"; };
		2513BC722694A458009249CE /* MainTabView.swift */ = {isa = PBXFileReference; lastKnownFileType = sourcecode.swift; path = MainTabView.swift; sourceTree = "<group>"; };
		2513BC742694A48E009249CE /* FeedView.swift */ = {isa = PBXFileReference; lastKnownFileType = sourcecode.swift; path = FeedView.swift; sourceTree = "<group>"; };
		2513BC762694A4B5009249CE /* SearchView.swift */ = {isa = PBXFileReference; lastKnownFileType = sourcecode.swift; path = SearchView.swift; sourceTree = "<group>"; };
		2513BC782694A4C6009249CE /* ProfileView.swift */ = {isa = PBXFileReference; lastKnownFileType = sourcecode.swift; path = ProfileView.swift; sourceTree = "<group>"; };
		2513BC7A2694A4D6009249CE /* UploadPostView.swift */ = {isa = PBXFileReference; lastKnownFileType = sourcecode.swift; path = UploadPostView.swift; sourceTree = "<group>"; };
		2513BC7C2694A4EF009249CE /* NotificationsView.swift */ = {isa = PBXFileReference; lastKnownFileType = sourcecode.swift; path = NotificationsView.swift; sourceTree = "<group>"; };
		2513BC7E2694A7DA009249CE /* FeedCell.swift */ = {isa = PBXFileReference; lastKnownFileType = sourcecode.swift; path = FeedCell.swift; sourceTree = "<group>"; };
		25D3929926C4B57900C7E2CF /* GoogleService-Info.plist */ = {isa = PBXFileReference; fileEncoding = 4; lastKnownFileType = text.plist.xml; path = "GoogleService-Info.plist"; sourceTree = "<group>"; };
		25D3929B26C4BCF000C7E2CF /* AuthViewModel.swift */ = {isa = PBXFileReference; lastKnownFileType = sourcecode.swift; path = AuthViewModel.swift; sourceTree = "<group>"; };
		25D81D2C26C3D4A3003AC2AB /* SearchBar.swift */ = {isa = PBXFileReference; lastKnownFileType = sourcecode.swift; path = SearchBar.swift; sourceTree = "<group>"; };
		25D81D2E26C3DBB3003AC2AB /* PostGridView.swift */ = {isa = PBXFileReference; lastKnownFileType = sourcecode.swift; path = PostGridView.swift; sourceTree = "<group>"; };
		25D81D3026C3DD71003AC2AB /* UserCell.swift */ = {isa = PBXFileReference; lastKnownFileType = sourcecode.swift; path = UserCell.swift; sourceTree = "<group>"; };
		25D81D3226C3DD7C003AC2AB /* UserListView.swift */ = {isa = PBXFileReference; lastKnownFileType = sourcecode.swift; path = UserListView.swift; sourceTree = "<group>"; };
		25D81D3426C3E1C3003AC2AB /* Extensions.swift */ = {isa = PBXFileReference; lastKnownFileType = sourcecode.swift; path = Extensions.swift; sourceTree = "<group>"; };
		25D81D3626C3EBC9003AC2AB /* NotificationCell.swift */ = {isa = PBXFileReference; lastKnownFileType = sourcecode.swift; path = NotificationCell.swift; sourceTree = "<group>"; };
		25D81D3826C3EE44003AC2AB /* ProfileHeaderView.swift */ = {isa = PBXFileReference; lastKnownFileType = sourcecode.swift; path = ProfileHeaderView.swift; sourceTree = "<group>"; };
		25D81D3A26C3F318003AC2AB /* UserStatView.swift */ = {isa = PBXFileReference; lastKnownFileType = sourcecode.swift; path = UserStatView.swift; sourceTree = "<group>"; };
		25D81D3C26C3F6A8003AC2AB /* ProfileActionButtonView.swift */ = {isa = PBXFileReference; lastKnownFileType = sourcecode.swift; path = ProfileActionButtonView.swift; sourceTree = "<group>"; };
		25D81D4026C40D70003AC2AB /* ImagePicker.swift */ = {isa = PBXFileReference; lastKnownFileType = sourcecode.swift; path = ImagePicker.swift; sourceTree = "<group>"; };
		25D81D4226C41DD7003AC2AB /* LoginView.swift */ = {isa = PBXFileReference; lastKnownFileType = sourcecode.swift; path = LoginView.swift; sourceTree = "<group>"; };
		25D81D4426C41DDE003AC2AB /* RegistrationView.swift */ = {isa = PBXFileReference; lastKnownFileType = sourcecode.swift; path = RegistrationView.swift; sourceTree = "<group>"; };
		25D81D4626C41DE9003AC2AB /* ResetPasswordView.swift */ = {isa = PBXFileReference; lastKnownFileType = sourcecode.swift; path = ResetPasswordView.swift; sourceTree = "<group>"; };
		25D81D4826C42142003AC2AB /* CustomTextField.swift */ = {isa = PBXFileReference; lastKnownFileType = sourcecode.swift; path = CustomTextField.swift; sourceTree = "<group>"; };
		25D81D4A26C42148003AC2AB /* CustomSecureField.swift */ = {isa = PBXFileReference; lastKnownFileType = sourcecode.swift; path = CustomSecureField.swift; sourceTree = "<group>"; };
/* End PBXFileReference section */

/* Begin PBXFrameworksBuildPhase section */
		2513BC4A2694A21F009249CE /* Frameworks */ = {
			isa = PBXFrameworksBuildPhase;
			buildActionMask = 2147483647;
			files = (
				25D3929826C4B46A00C7E2CF /* Kingfisher in Frameworks */,
				25D3928D26C4B3A600C7E2CF /* FirebaseFunctions in Frameworks */,
				25D3929326C4B3A600C7E2CF /* FirebaseFirestore in Frameworks */,
				25D3929526C4B3A600C7E2CF /* FirebaseMessaging in Frameworks */,
				25D3929126C4B3A600C7E2CF /* FirebaseAuth in Frameworks */,
				25D3928F26C4B3A600C7E2CF /* FirebaseStorage in Frameworks */,
			);
			runOnlyForDeploymentPostprocessing = 0;
		};
/* End PBXFrameworksBuildPhase section */

/* Begin PBXGroup section */
		2513BC442694A21E009249CE = {
			isa = PBXGroup;
			children = (
				2513BC4F2694A21F009249CE /* SwiftUI_InstagramClone */,
				2513BC4E2694A21F009249CE /* Products */,
			);
			sourceTree = "<group>";
		};
		2513BC4E2694A21F009249CE /* Products */ = {
			isa = PBXGroup;
			children = (
				2513BC4D2694A21F009249CE /* SwiftUI_InstagramClone.app */,
			);
			name = Products;
			sourceTree = "<group>";
		};
		2513BC4F2694A21F009249CE /* SwiftUI_InstagramClone */ = {
			isa = PBXGroup;
			children = (
				2513BC632694A297009249CE /* Model */,
				2513BC622694A293009249CE /* View */,
				2513BC612694A292009249CE /* ViewModel */,
				2513BC602694A291009249CE /* API */,
				2513BC5F2694A28F009249CE /* Utils */,
				2513BC502694A21F009249CE /* SwiftUI_InstagramCloneApp.swift */,
				2513BC542694A222009249CE /* Assets.xcassets */,
				2513BC592694A222009249CE /* Info.plist */,
				25D3929926C4B57900C7E2CF /* GoogleService-Info.plist */,
				2513BC562694A222009249CE /* Preview Content */,
			);
			path = SwiftUI_InstagramClone;
			sourceTree = "<group>";
		};
		2513BC562694A222009249CE /* Preview Content */ = {
			isa = PBXGroup;
			children = (
				2513BC572694A222009249CE /* Preview Assets.xcassets */,
			);
			path = "Preview Content";
			sourceTree = "<group>";
		};
		2513BC5F2694A28F009249CE /* Utils */ = {
			isa = PBXGroup;
			children = (
				25D81D3426C3E1C3003AC2AB /* Extensions.swift */,
				25D81D4026C40D70003AC2AB /* ImagePicker.swift */,
				25D81D4826C42142003AC2AB /* CustomTextField.swift */,
				25D81D4A26C42148003AC2AB /* CustomSecureField.swift */,
			);
			path = Utils;
			sourceTree = "<group>";
		};
		2513BC602694A291009249CE /* API */ = {
			isa = PBXGroup;
			children = (
			);
			path = API;
			sourceTree = "<group>";
		};
		2513BC612694A292009249CE /* ViewModel */ = {
			isa = PBXGroup;
			children = (
				2513BC712694A383009249CE /* Profile */,
				2513BC702694A37C009249CE /* Authentication */,
				2513BC6F2694A377009249CE /* Notifications */,
				2513BC6E2694A374009249CE /* Feed */,
			);
			path = ViewModel;
			sourceTree = "<group>";
		};
		2513BC622694A293009249CE /* View */ = {
			isa = PBXGroup;
			children = (
				2513BC6D2694A33E009249CE /* Items */,
				2513BC6C2694A331009249CE /* Authentication */,
				2513BC6B2694A32D009249CE /* Notifications */,
				2513BC6A2694A328009249CE /* Search */,
				2513BC692694A324009249CE /* Comments */,
				2513BC682694A322009249CE /* Feed */,
				2513BC672694A31E009249CE /* Profile */,
				2513BC662694A312009249CE /* UploadPost */,
				2513BC652694A2F8009249CE /* Main */,
			);
			path = View;
			sourceTree = "<group>";
		};
		2513BC632694A297009249CE /* Model */ = {
			isa = PBXGroup;
			children = (
			);
			path = Model;
			sourceTree = "<group>";
		};
		2513BC652694A2F8009249CE /* Main */ = {
			isa = PBXGroup;
			children = (
				2513BC522694A21F009249CE /* ContentView.swift */,
				2513BC722694A458009249CE /* MainTabView.swift */,
			);
			path = Main;
			sourceTree = "<group>";
		};
		2513BC662694A312009249CE /* UploadPost */ = {
			isa = PBXGroup;
			children = (
				2513BC7A2694A4D6009249CE /* UploadPostView.swift */,
			);
			path = UploadPost;
			sourceTree = "<group>";
		};
		2513BC672694A31E009249CE /* Profile */ = {
			isa = PBXGroup;
			children = (
				2513BC782694A4C6009249CE /* ProfileView.swift */,
				25D81D3826C3EE44003AC2AB /* ProfileHeaderView.swift */,
				25D81D3A26C3F318003AC2AB /* UserStatView.swift */,
				25D81D3C26C3F6A8003AC2AB /* ProfileActionButtonView.swift */,
			);
			path = Profile;
			sourceTree = "<group>";
		};
		2513BC682694A322009249CE /* Feed */ = {
			isa = PBXGroup;
			children = (
				2513BC742694A48E009249CE /* FeedView.swift */,
				2513BC7E2694A7DA009249CE /* FeedCell.swift */,
			);
			path = Feed;
			sourceTree = "<group>";
		};
		2513BC692694A324009249CE /* Comments */ = {
			isa = PBXGroup;
			children = (
			);
			path = Comments;
			sourceTree = "<group>";
		};
		2513BC6A2694A328009249CE /* Search */ = {
			isa = PBXGroup;
			children = (
				2513BC762694A4B5009249CE /* SearchView.swift */,
				25D81D2C26C3D4A3003AC2AB /* SearchBar.swift */,
			);
			path = Search;
			sourceTree = "<group>";
		};
		2513BC6B2694A32D009249CE /* Notifications */ = {
			isa = PBXGroup;
			children = (
				2513BC7C2694A4EF009249CE /* NotificationsView.swift */,
				25D81D3626C3EBC9003AC2AB /* NotificationCell.swift */,
			);
			path = Notifications;
			sourceTree = "<group>";
		};
		2513BC6C2694A331009249CE /* Authentication */ = {
			isa = PBXGroup;
			children = (
				25D81D4226C41DD7003AC2AB /* LoginView.swift */,
				25D81D4426C41DDE003AC2AB /* RegistrationView.swift */,
				25D81D4626C41DE9003AC2AB /* ResetPasswordView.swift */,
			);
			path = Authentication;
			sourceTree = "<group>";
		};
		2513BC6D2694A33E009249CE /* Items */ = {
			isa = PBXGroup;
			children = (
				25D81D2E26C3DBB3003AC2AB /* PostGridView.swift */,
				25D81D3026C3DD71003AC2AB /* UserCell.swift */,
				25D81D3226C3DD7C003AC2AB /* UserListView.swift */,
			);
			path = Items;
			sourceTree = "<group>";
		};
		2513BC6E2694A374009249CE /* Feed */ = {
			isa = PBXGroup;
			children = (
			);
			path = Feed;
			sourceTree = "<group>";
		};
		2513BC6F2694A377009249CE /* Notifications */ = {
			isa = PBXGroup;
			children = (
			);
			path = Notifications;
			sourceTree = "<group>";
		};
		2513BC702694A37C009249CE /* Authentication */ = {
			isa = PBXGroup;
			children = (
				25D3929B26C4BCF000C7E2CF /* AuthViewModel.swift */,
			);
			path = Authentication;
			sourceTree = "<group>";
		};
		2513BC712694A383009249CE /* Profile */ = {
			isa = PBXGroup;
			children = (
			);
			path = Profile;
			sourceTree = "<group>";
		};
/* End PBXGroup section */

/* Begin PBXNativeTarget section */
		2513BC4C2694A21F009249CE /* SwiftUI_InstagramClone */ = {
			isa = PBXNativeTarget;
			buildConfigurationList = 2513BC5C2694A222009249CE /* Build configuration list for PBXNativeTarget "SwiftUI_InstagramClone" */;
			buildPhases = (
				2513BC492694A21F009249CE /* Sources */,
				2513BC4A2694A21F009249CE /* Frameworks */,
				2513BC4B2694A21F009249CE /* Resources */,
			);
			buildRules = (
			);
			dependencies = (
			);
			name = SwiftUI_InstagramClone;
			packageProductDependencies = (
				25D3928C26C4B3A600C7E2CF /* FirebaseFunctions */,
				25D3928E26C4B3A600C7E2CF /* FirebaseStorage */,
				25D3929026C4B3A600C7E2CF /* FirebaseAuth */,
				25D3929226C4B3A600C7E2CF /* FirebaseFirestore */,
				25D3929426C4B3A600C7E2CF /* FirebaseMessaging */,
				25D3929726C4B46A00C7E2CF /* Kingfisher */,
			);
			productName = SwiftUI_InstagramClone;
			productReference = 2513BC4D2694A21F009249CE /* SwiftUI_InstagramClone.app */;
			productType = "com.apple.product-type.application";
		};
/* End PBXNativeTarget section */

/* Begin PBXProject section */
		2513BC452694A21E009249CE /* Project object */ = {
			isa = PBXProject;
			attributes = {
				LastSwiftUpdateCheck = 1250;
				LastUpgradeCheck = 1250;
				TargetAttributes = {
					2513BC4C2694A21F009249CE = {
						CreatedOnToolsVersion = 12.5;
					};
				};
			};
			buildConfigurationList = 2513BC482694A21E009249CE /* Build configuration list for PBXProject "SwiftUI_InstagramClone" */;
			compatibilityVersion = "Xcode 9.3";
			developmentRegion = en;
			hasScannedForEncodings = 0;
			knownRegions = (
				en,
				Base,
			);
			mainGroup = 2513BC442694A21E009249CE;
			packageReferences = (
				25D3928B26C4B3A600C7E2CF /* XCRemoteSwiftPackageReference "firebase-ios-sdk" */,
				25D3929626C4B46A00C7E2CF /* XCRemoteSwiftPackageReference "Kingfisher" */,
			);
			productRefGroup = 2513BC4E2694A21F009249CE /* Products */;
			projectDirPath = "";
			projectRoot = "";
			targets = (
				2513BC4C2694A21F009249CE /* SwiftUI_InstagramClone */,
			);
		};
/* End PBXProject section */

/* Begin PBXResourcesBuildPhase section */
		2513BC4B2694A21F009249CE /* Resources */ = {
			isa = PBXResourcesBuildPhase;
			buildActionMask = 2147483647;
			files = (
				2513BC582694A222009249CE /* Preview Assets.xcassets in Resources */,
				2513BC552694A222009249CE /* Assets.xcassets in Resources */,
				25D3929A26C4B57900C7E2CF /* GoogleService-Info.plist in Resources */,
			);
			runOnlyForDeploymentPostprocessing = 0;
		};
/* End PBXResourcesBuildPhase section */

/* Begin PBXSourcesBuildPhase section */
		2513BC492694A21F009249CE /* Sources */ = {
			isa = PBXSourcesBuildPhase;
			buildActionMask = 2147483647;
			files = (
				2513BC772694A4B5009249CE /* SearchView.swift in Sources */,
				2513BC752694A48E009249CE /* FeedView.swift in Sources */,
				25D81D2F26C3DBB3003AC2AB /* PostGridView.swift in Sources */,
				25D81D4526C41DDE003AC2AB /* RegistrationView.swift in Sources */,
				25D81D4926C42142003AC2AB /* CustomTextField.swift in Sources */,
				2513BC7B2694A4D6009249CE /* UploadPostView.swift in Sources */,
				2513BC532694A21F009249CE /* ContentView.swift in Sources */,
				2513BC512694A21F009249CE /* SwiftUI_InstagramCloneApp.swift in Sources */,
				25D81D4726C41DE9003AC2AB /* ResetPasswordView.swift in Sources */,
				2513BC792694A4C6009249CE /* ProfileView.swift in Sources */,
				25D81D4126C40D70003AC2AB /* ImagePicker.swift in Sources */,
				25D81D3926C3EE44003AC2AB /* ProfileHeaderView.swift in Sources */,
				2513BC732694A458009249CE /* MainTabView.swift in Sources */,
				25D81D3B26C3F318003AC2AB /* UserStatView.swift in Sources */,
				25D81D3126C3DD71003AC2AB /* UserCell.swift in Sources */,
				25D81D2D26C3D4A3003AC2AB /* SearchBar.swift in Sources */,
				25D81D4B26C42148003AC2AB /* CustomSecureField.swift in Sources */,
				2513BC7D2694A4EF009249CE /* NotificationsView.swift in Sources */,
				2513BC7F2694A7DA009249CE /* FeedCell.swift in Sources */,
				25D81D3D26C3F6A8003AC2AB /* ProfileActionButtonView.swift in Sources */,
				25D3929C26C4BCF000C7E2CF /* AuthViewModel.swift in Sources */,
				25D81D3326C3DD7C003AC2AB /* UserListView.swift in Sources */,
				25D81D3726C3EBC9003AC2AB /* NotificationCell.swift in Sources */,
				25D81D4326C41DD7003AC2AB /* LoginView.swift in Sources */,
				25D81D3526C3E1C3003AC2AB /* Extensions.swift in Sources */,
			);
			runOnlyForDeploymentPostprocessing = 0;
		};
/* End PBXSourcesBuildPhase section */

/* Begin XCBuildConfiguration section */
		2513BC5A2694A222009249CE /* Debug */ = {
			isa = XCBuildConfiguration;
			buildSettings = {
				ALWAYS_SEARCH_USER_PATHS = NO;
				CLANG_ANALYZER_NONNULL = YES;
				CLANG_ANALYZER_NUMBER_OBJECT_CONVERSION = YES_AGGRESSIVE;
				CLANG_CXX_LANGUAGE_STANDARD = "gnu++14";
				CLANG_CXX_LIBRARY = "libc++";
				CLANG_ENABLE_MODULES = YES;
				CLANG_ENABLE_OBJC_ARC = YES;
				CLANG_ENABLE_OBJC_WEAK = YES;
				CLANG_WARN_BLOCK_CAPTURE_AUTORELEASING = YES;
				CLANG_WARN_BOOL_CONVERSION = YES;
				CLANG_WARN_COMMA = YES;
				CLANG_WARN_CONSTANT_CONVERSION = YES;
				CLANG_WARN_DEPRECATED_OBJC_IMPLEMENTATIONS = YES;
				CLANG_WARN_DIRECT_OBJC_ISA_USAGE = YES_ERROR;
				CLANG_WARN_DOCUMENTATION_COMMENTS = YES;
				CLANG_WARN_EMPTY_BODY = YES;
				CLANG_WARN_ENUM_CONVERSION = YES;
				CLANG_WARN_INFINITE_RECURSION = YES;
				CLANG_WARN_INT_CONVERSION = YES;
				CLANG_WARN_NON_LITERAL_NULL_CONVERSION = YES;
				CLANG_WARN_OBJC_IMPLICIT_RETAIN_SELF = YES;
				CLANG_WARN_OBJC_LITERAL_CONVERSION = YES;
				CLANG_WARN_OBJC_ROOT_CLASS = YES_ERROR;
				CLANG_WARN_QUOTED_INCLUDE_IN_FRAMEWORK_HEADER = YES;
				CLANG_WARN_RANGE_LOOP_ANALYSIS = YES;
				CLANG_WARN_STRICT_PROTOTYPES = YES;
				CLANG_WARN_SUSPICIOUS_MOVE = YES;
				CLANG_WARN_UNGUARDED_AVAILABILITY = YES_AGGRESSIVE;
				CLANG_WARN_UNREACHABLE_CODE = YES;
				CLANG_WARN__DUPLICATE_METHOD_MATCH = YES;
				COPY_PHASE_STRIP = NO;
				DEBUG_INFORMATION_FORMAT = dwarf;
				ENABLE_STRICT_OBJC_MSGSEND = YES;
				ENABLE_TESTABILITY = YES;
				GCC_C_LANGUAGE_STANDARD = gnu11;
				GCC_DYNAMIC_NO_PIC = NO;
				GCC_NO_COMMON_BLOCKS = YES;
				GCC_OPTIMIZATION_LEVEL = 0;
				GCC_PREPROCESSOR_DEFINITIONS = (
					"DEBUG=1",
					"$(inherited)",
				);
				GCC_WARN_64_TO_32_BIT_CONVERSION = YES;
				GCC_WARN_ABOUT_RETURN_TYPE = YES_ERROR;
				GCC_WARN_UNDECLARED_SELECTOR = YES;
				GCC_WARN_UNINITIALIZED_AUTOS = YES_AGGRESSIVE;
				GCC_WARN_UNUSED_FUNCTION = YES;
				GCC_WARN_UNUSED_VARIABLE = YES;
				IPHONEOS_DEPLOYMENT_TARGET = 14.5;
				MTL_ENABLE_DEBUG_INFO = INCLUDE_SOURCE;
				MTL_FAST_MATH = YES;
				ONLY_ACTIVE_ARCH = YES;
				SDKROOT = iphoneos;
				SWIFT_ACTIVE_COMPILATION_CONDITIONS = DEBUG;
				SWIFT_OPTIMIZATION_LEVEL = "-Onone";
			};
			name = Debug;
		};
		2513BC5B2694A222009249CE /* Release */ = {
			isa = XCBuildConfiguration;
			buildSettings = {
				ALWAYS_SEARCH_USER_PATHS = NO;
				CLANG_ANALYZER_NONNULL = YES;
				CLANG_ANALYZER_NUMBER_OBJECT_CONVERSION = YES_AGGRESSIVE;
				CLANG_CXX_LANGUAGE_STANDARD = "gnu++14";
				CLANG_CXX_LIBRARY = "libc++";
				CLANG_ENABLE_MODULES = YES;
				CLANG_ENABLE_OBJC_ARC = YES;
				CLANG_ENABLE_OBJC_WEAK = YES;
				CLANG_WARN_BLOCK_CAPTURE_AUTORELEASING = YES;
				CLANG_WARN_BOOL_CONVERSION = YES;
				CLANG_WARN_COMMA = YES;
				CLANG_WARN_CONSTANT_CONVERSION = YES;
				CLANG_WARN_DEPRECATED_OBJC_IMPLEMENTATIONS = YES;
				CLANG_WARN_DIRECT_OBJC_ISA_USAGE = YES_ERROR;
				CLANG_WARN_DOCUMENTATION_COMMENTS = YES;
				CLANG_WARN_EMPTY_BODY = YES;
				CLANG_WARN_ENUM_CONVERSION = YES;
				CLANG_WARN_INFINITE_RECURSION = YES;
				CLANG_WARN_INT_CONVERSION = YES;
				CLANG_WARN_NON_LITERAL_NULL_CONVERSION = YES;
				CLANG_WARN_OBJC_IMPLICIT_RETAIN_SELF = YES;
				CLANG_WARN_OBJC_LITERAL_CONVERSION = YES;
				CLANG_WARN_OBJC_ROOT_CLASS = YES_ERROR;
				CLANG_WARN_QUOTED_INCLUDE_IN_FRAMEWORK_HEADER = YES;
				CLANG_WARN_RANGE_LOOP_ANALYSIS = YES;
				CLANG_WARN_STRICT_PROTOTYPES = YES;
				CLANG_WARN_SUSPICIOUS_MOVE = YES;
				CLANG_WARN_UNGUARDED_AVAILABILITY = YES_AGGRESSIVE;
				CLANG_WARN_UNREACHABLE_CODE = YES;
				CLANG_WARN__DUPLICATE_METHOD_MATCH = YES;
				COPY_PHASE_STRIP = NO;
				DEBUG_INFORMATION_FORMAT = "dwarf-with-dsym";
				ENABLE_NS_ASSERTIONS = NO;
				ENABLE_STRICT_OBJC_MSGSEND = YES;
				GCC_C_LANGUAGE_STANDARD = gnu11;
				GCC_NO_COMMON_BLOCKS = YES;
				GCC_WARN_64_TO_32_BIT_CONVERSION = YES;
				GCC_WARN_ABOUT_RETURN_TYPE = YES_ERROR;
				GCC_WARN_UNDECLARED_SELECTOR = YES;
				GCC_WARN_UNINITIALIZED_AUTOS = YES_AGGRESSIVE;
				GCC_WARN_UNUSED_FUNCTION = YES;
				GCC_WARN_UNUSED_VARIABLE = YES;
				IPHONEOS_DEPLOYMENT_TARGET = 14.5;
				MTL_ENABLE_DEBUG_INFO = NO;
				MTL_FAST_MATH = YES;
				SDKROOT = iphoneos;
				SWIFT_COMPILATION_MODE = wholemodule;
				SWIFT_OPTIMIZATION_LEVEL = "-O";
				VALIDATE_PRODUCT = YES;
			};
			name = Release;
		};
		2513BC5D2694A222009249CE /* Debug */ = {
			isa = XCBuildConfiguration;
			buildSettings = {
				ASSETCATALOG_COMPILER_APPICON_NAME = AppIcon;
				ASSETCATALOG_COMPILER_GLOBAL_ACCENT_COLOR_NAME = AccentColor;
				CODE_SIGN_STYLE = Automatic;
				DEVELOPMENT_ASSET_PATHS = "\"SwiftUI_InstagramClone/Preview Content\"";
				DEVELOPMENT_TEAM = 5WAUHBZJ8Z;
				ENABLE_PREVIEWS = YES;
				INFOPLIST_FILE = SwiftUI_InstagramClone/Info.plist;
				IPHONEOS_DEPLOYMENT_TARGET = 14.0;
				LD_RUNPATH_SEARCH_PATHS = (
					"$(inherited)",
					"@executable_path/Frameworks",
				);
				PRODUCT_BUNDLE_IDENTIFIER = "com.SwiftUI-InstagramClone";
				PRODUCT_NAME = "$(TARGET_NAME)";
				SWIFT_VERSION = 5.0;
				TARGETED_DEVICE_FAMILY = "1,2";
			};
			name = Debug;
		};
		2513BC5E2694A222009249CE /* Release */ = {
			isa = XCBuildConfiguration;
			buildSettings = {
				ASSETCATALOG_COMPILER_APPICON_NAME = AppIcon;
				ASSETCATALOG_COMPILER_GLOBAL_ACCENT_COLOR_NAME = AccentColor;
				CODE_SIGN_STYLE = Automatic;
				DEVELOPMENT_ASSET_PATHS = "\"SwiftUI_InstagramClone/Preview Content\"";
				DEVELOPMENT_TEAM = 5WAUHBZJ8Z;
				ENABLE_PREVIEWS = YES;
				INFOPLIST_FILE = SwiftUI_InstagramClone/Info.plist;
				IPHONEOS_DEPLOYMENT_TARGET = 14.0;
				LD_RUNPATH_SEARCH_PATHS = (
					"$(inherited)",
					"@executable_path/Frameworks",
				);
				PRODUCT_BUNDLE_IDENTIFIER = "com.SwiftUI-InstagramClone";
				PRODUCT_NAME = "$(TARGET_NAME)";
				SWIFT_VERSION = 5.0;
				TARGETED_DEVICE_FAMILY = "1,2";
			};
			name = Release;
		};
/* End XCBuildConfiguration section */

/* Begin XCConfigurationList section */
		2513BC482694A21E009249CE /* Build configuration list for PBXProject "SwiftUI_InstagramClone" */ = {
			isa = XCConfigurationList;
			buildConfigurations = (
				2513BC5A2694A222009249CE /* Debug */,
				2513BC5B2694A222009249CE /* Release */,
			);
			defaultConfigurationIsVisible = 0;
			defaultConfigurationName = Release;
		};
		2513BC5C2694A222009249CE /* Build configuration list for PBXNativeTarget "SwiftUI_InstagramClone" */ = {
			isa = XCConfigurationList;
			buildConfigurations = (
				2513BC5D2694A222009249CE /* Debug */,
				2513BC5E2694A222009249CE /* Release */,
			);
			defaultConfigurationIsVisible = 0;
			defaultConfigurationName = Release;
		};
/* End XCConfigurationList section */

/* Begin XCRemoteSwiftPackageReference section */
		25D3928B26C4B3A600C7E2CF /* XCRemoteSwiftPackageReference "firebase-ios-sdk" */ = {
			isa = XCRemoteSwiftPackageReference;
			repositoryURL = "https://github.com/firebase/firebase-ios-sdk.git";
			requirement = {
				kind = upToNextMajorVersion;
				minimumVersion = 8.5.0;
			};
		};
		25D3929626C4B46A00C7E2CF /* XCRemoteSwiftPackageReference "Kingfisher" */ = {
			isa = XCRemoteSwiftPackageReference;
			repositoryURL = "https://github.com/onevcat/Kingfisher.git";
			requirement = {
				kind = upToNextMajorVersion;
				minimumVersion = 6.3.1;
			};
		};
/* End XCRemoteSwiftPackageReference section */

/* Begin XCSwiftPackageProductDependency section */
		25D3928C26C4B3A600C7E2CF /* FirebaseFunctions */ = {
			isa = XCSwiftPackageProductDependency;
			package = 25D3928B26C4B3A600C7E2CF /* XCRemoteSwiftPackageReference "firebase-ios-sdk" */;
			productName = FirebaseFunctions;
		};
		25D3928E26C4B3A600C7E2CF /* FirebaseStorage */ = {
			isa = XCSwiftPackageProductDependency;
			package = 25D3928B26C4B3A600C7E2CF /* XCRemoteSwiftPackageReference "firebase-ios-sdk" */;
			productName = FirebaseStorage;
		};
		25D3929026C4B3A600C7E2CF /* FirebaseAuth */ = {
			isa = XCSwiftPackageProductDependency;
			package = 25D3928B26C4B3A600C7E2CF /* XCRemoteSwiftPackageReference "firebase-ios-sdk" */;
			productName = FirebaseAuth;
		};
		25D3929226C4B3A600C7E2CF /* FirebaseFirestore */ = {
			isa = XCSwiftPackageProductDependency;
			package = 25D3928B26C4B3A600C7E2CF /* XCRemoteSwiftPackageReference "firebase-ios-sdk" */;
			productName = FirebaseFirestore;
		};
		25D3929426C4B3A600C7E2CF /* FirebaseMessaging */ = {
			isa = XCSwiftPackageProductDependency;
			package = 25D3928B26C4B3A600C7E2CF /* XCRemoteSwiftPackageReference "firebase-ios-sdk" */;
			productName = FirebaseMessaging;
		};
		25D3929726C4B46A00C7E2CF /* Kingfisher */ = {
			isa = XCSwiftPackageProductDependency;
			package = 25D3929626C4B46A00C7E2CF /* XCRemoteSwiftPackageReference "Kingfisher" */;
			productName = Kingfisher;
		};
/* End XCSwiftPackageProductDependency section */
	};
	rootObject = 2513BC452694A21E009249CE /* Project object */;
}
